// !$*UTF8*$!
{
	archiveVersion = 1;
	classes = {
	};
	objectVersion = 46;
	objects = {

/* Begin PBXBuildFile section */
		632B31F61EAD760100527669 /* esp8266wifi.cpp in Sources */ = {isa = PBXBuildFile; fileRef = 632B31D31EAC727700527669 /* esp8266wifi.cpp */; };
		632B31F81EAD760100527669 /* udpsocket.cpp in Sources */ = {isa = PBXBuildFile; fileRef = 632B31D51EAC727700527669 /* udpsocket.cpp */; };
		632B31FB1EAD760100527669 /* flame.cpp in Sources */ = {isa = PBXBuildFile; fileRef = 632B31C91EAC725D00527669 /* flame.cpp */; };
		632B32031EAD760100527669 /* color.cpp in Sources */ = {isa = PBXBuildFile; fileRef = 632B31AB1EAC724700527669 /* color.cpp */; };
		632B32051EAD760100527669 /* effect.cpp in Sources */ = {isa = PBXBuildFile; fileRef = 632B31AD1EAC724700527669 /* effect.cpp */; };
		632B32071EAD760100527669 /* log.cpp in Sources */ = {isa = PBXBuildFile; fileRef = 632B31AF1EAC724700527669 /* log.cpp */; };
		632B32091EAD760100527669 /* math.cpp in Sources */ = {isa = PBXBuildFile; fileRef = 632B31B11EAC724700527669 /* math.cpp */; };
		632B320B1EAD760100527669 /* network.cpp in Sources */ = {isa = PBXBuildFile; fileRef = 632B31B31EAC724700527669 /* network.cpp */; };
		632B320D1EAD760100527669 /* palette.cpp in Sources */ = {isa = PBXBuildFile; fileRef = 632B31B51EAC724700527669 /* palette.cpp */; };
		632B32101EAD760100527669 /* player.cpp in Sources */ = {isa = PBXBuildFile; fileRef = 632B31B81EAC724700527669 /* player.cpp */; };
		632B32121EAD760100527669 /* playlist.cpp in Sources */ = {isa = PBXBuildFile; fileRef = 632B31BA1EAC724700527669 /* playlist.cpp */; };
		632B32141EAD760100527669 /* timer.cpp in Sources */ = {isa = PBXBuildFile; fileRef = 632B31BC1EAC724700527669 /* timer.cpp */; };
		632B321E1EAD76AD00527669 /* main.cpp in Sources */ = {isa = PBXBuildFile; fileRef = 632B321D1EAD76AD00527669 /* main.cpp */; };
		63C45DA91F09E0E000299753 /* playground.cpp in Sources */ = {isa = PBXBuildFile; fileRef = 63C45DA71F09E0E000299753 /* playground.cpp */; };
/* End PBXBuildFile section */

/* Begin PBXCopyFilesBuildPhase section */
		632B32191EAD76AD00527669 /* CopyFiles */ = {
			isa = PBXCopyFilesBuildPhase;
			buildActionMask = 2147483647;
			dstPath = /usr/share/man/man1/;
			dstSubfolderSpec = 0;
			files = (
			);
			runOnlyForDeploymentPostprocessing = 1;
		};
/* End PBXCopyFilesBuildPhase section */

/* Begin PBXFileReference section */
		632B31A91EAC722400527669 /* DFSparks.h */ = {isa = PBXFileReference; fileEncoding = 4; lastKnownFileType = sourcecode.c.h; name = DFSparks.h; path = ../src/DFSparks.h; sourceTree = "<group>"; };
		632B31AB1EAC724700527669 /* color.cpp */ = {isa = PBXFileReference; fileEncoding = 4; lastKnownFileType = sourcecode.cpp.cpp; name = color.cpp; path = ../src/dfsparks/color.cpp; sourceTree = "<group>"; };
		632B31AC1EAC724700527669 /* color.h */ = {isa = PBXFileReference; fileEncoding = 4; lastKnownFileType = sourcecode.c.h; name = color.h; path = ../src/dfsparks/color.h; sourceTree = "<group>"; };
		632B31AD1EAC724700527669 /* effect.cpp */ = {isa = PBXFileReference; fileEncoding = 4; lastKnownFileType = sourcecode.cpp.cpp; name = effect.cpp; path = ../src/dfsparks/effect.cpp; sourceTree = "<group>"; };
		632B31AE1EAC724700527669 /* effect.h */ = {isa = PBXFileReference; fileEncoding = 4; lastKnownFileType = sourcecode.c.h; name = effect.h; path = ../src/dfsparks/effect.h; sourceTree = "<group>"; };
		632B31AF1EAC724700527669 /* log.cpp */ = {isa = PBXFileReference; fileEncoding = 4; lastKnownFileType = sourcecode.cpp.cpp; name = log.cpp; path = ../src/dfsparks/log.cpp; sourceTree = "<group>"; };
		632B31B01EAC724700527669 /* log.h */ = {isa = PBXFileReference; fileEncoding = 4; lastKnownFileType = sourcecode.c.h; name = log.h; path = ../src/dfsparks/log.h; sourceTree = "<group>"; };
		632B31B11EAC724700527669 /* math.cpp */ = {isa = PBXFileReference; fileEncoding = 4; lastKnownFileType = sourcecode.cpp.cpp; name = math.cpp; path = ../src/dfsparks/math.cpp; sourceTree = "<group>"; };
		632B31B21EAC724700527669 /* math.h */ = {isa = PBXFileReference; fileEncoding = 4; lastKnownFileType = sourcecode.c.h; name = math.h; path = ../src/dfsparks/math.h; sourceTree = "<group>"; };
		632B31B31EAC724700527669 /* network.cpp */ = {isa = PBXFileReference; fileEncoding = 4; lastKnownFileType = sourcecode.cpp.cpp; name = network.cpp; path = ../src/dfsparks/network.cpp; sourceTree = "<group>"; };
		632B31B41EAC724700527669 /* network.h */ = {isa = PBXFileReference; fileEncoding = 4; lastKnownFileType = sourcecode.c.h; name = network.h; path = ../src/dfsparks/network.h; sourceTree = "<group>"; };
		632B31B51EAC724700527669 /* palette.cpp */ = {isa = PBXFileReference; fileEncoding = 4; lastKnownFileType = sourcecode.cpp.cpp; name = palette.cpp; path = ../src/dfsparks/palette.cpp; sourceTree = "<group>"; };
		632B31B61EAC724700527669 /* palette.h */ = {isa = PBXFileReference; fileEncoding = 4; lastKnownFileType = sourcecode.c.h; name = palette.h; path = ../src/dfsparks/palette.h; sourceTree = "<group>"; };
		632B31B71EAC724700527669 /* pixels.h */ = {isa = PBXFileReference; fileEncoding = 4; lastKnownFileType = sourcecode.c.h; name = pixels.h; path = ../src/dfsparks/pixels.h; sourceTree = "<group>"; };
		632B31B81EAC724700527669 /* player.cpp */ = {isa = PBXFileReference; fileEncoding = 4; lastKnownFileType = sourcecode.cpp.cpp; name = player.cpp; path = ../src/dfsparks/player.cpp; sourceTree = "<group>"; };
		632B31B91EAC724700527669 /* player.h */ = {isa = PBXFileReference; fileEncoding = 4; lastKnownFileType = sourcecode.c.h; name = player.h; path = ../src/dfsparks/player.h; sourceTree = "<group>"; };
		632B31BA1EAC724700527669 /* playlist.cpp */ = {isa = PBXFileReference; fileEncoding = 4; lastKnownFileType = sourcecode.cpp.cpp; name = playlist.cpp; path = ../src/dfsparks/playlist.cpp; sourceTree = "<group>"; };
		632B31BB1EAC724700527669 /* playlist.h */ = {isa = PBXFileReference; fileEncoding = 4; lastKnownFileType = sourcecode.c.h; name = playlist.h; path = ../src/dfsparks/playlist.h; sourceTree = "<group>"; };
		632B31BC1EAC724700527669 /* timer.cpp */ = {isa = PBXFileReference; fileEncoding = 4; lastKnownFileType = sourcecode.cpp.cpp; name = timer.cpp; path = ../src/dfsparks/timer.cpp; sourceTree = "<group>"; };
		632B31BD1EAC724700527669 /* timer.h */ = {isa = PBXFileReference; fileEncoding = 4; lastKnownFileType = sourcecode.c.h; name = timer.h; path = ../src/dfsparks/timer.h; sourceTree = "<group>"; };
		632B31C81EAC725D00527669 /* blink.h */ = {isa = PBXFileReference; fileEncoding = 4; lastKnownFileType = sourcecode.c.h; name = blink.h; path = ../src/dfsparks/effects/blink.h; sourceTree = "<group>"; };
		632B31C91EAC725D00527669 /* flame.cpp */ = {isa = PBXFileReference; fileEncoding = 4; lastKnownFileType = sourcecode.cpp.cpp; name = flame.cpp; path = ../src/dfsparks/effects/flame.cpp; sourceTree = "<group>"; };
		632B31CA1EAC725D00527669 /* flame.h */ = {isa = PBXFileReference; fileEncoding = 4; lastKnownFileType = sourcecode.c.h; name = flame.h; path = ../src/dfsparks/effects/flame.h; sourceTree = "<group>"; };
		632B31CB1EAC725D00527669 /* glitter.h */ = {isa = PBXFileReference; fileEncoding = 4; lastKnownFileType = sourcecode.c.h; name = glitter.h; path = ../src/dfsparks/effects/glitter.h; sourceTree = "<group>"; };
		632B31CC1EAC725D00527669 /* plasma.h */ = {isa = PBXFileReference; fileEncoding = 4; lastKnownFileType = sourcecode.c.h; name = plasma.h; path = ../src/dfsparks/effects/plasma.h; sourceTree = "<group>"; };
		632B31CD1EAC725D00527669 /* rainbow.h */ = {isa = PBXFileReference; fileEncoding = 4; lastKnownFileType = sourcecode.c.h; name = rainbow.h; path = ../src/dfsparks/effects/rainbow.h; sourceTree = "<group>"; };
		632B31CE1EAC725D00527669 /* rider.h */ = {isa = PBXFileReference; fileEncoding = 4; lastKnownFileType = sourcecode.c.h; name = rider.h; path = ../src/dfsparks/effects/rider.h; sourceTree = "<group>"; };
		632B31CF1EAC725D00527669 /* slantbars.h */ = {isa = PBXFileReference; fileEncoding = 4; lastKnownFileType = sourcecode.c.h; name = slantbars.h; path = ../src/dfsparks/effects/slantbars.h; sourceTree = "<group>"; };
		632B31D01EAC725D00527669 /* threesine.h */ = {isa = PBXFileReference; fileEncoding = 4; lastKnownFileType = sourcecode.c.h; name = threesine.h; path = ../src/dfsparks/effects/threesine.h; sourceTree = "<group>"; };
		632B31D31EAC727700527669 /* esp8266wifi.cpp */ = {isa = PBXFileReference; fileEncoding = 4; lastKnownFileType = sourcecode.cpp.cpp; name = esp8266wifi.cpp; path = ../src/dfsparks/networks/esp8266wifi.cpp; sourceTree = "<group>"; };
		632B31D41EAC727700527669 /* esp8266wifi.h */ = {isa = PBXFileReference; fileEncoding = 4; lastKnownFileType = sourcecode.c.h; name = esp8266wifi.h; path = ../src/dfsparks/networks/esp8266wifi.h; sourceTree = "<group>"; };
		632B31D51EAC727700527669 /* udpsocket.cpp */ = {isa = PBXFileReference; fileEncoding = 4; lastKnownFileType = sourcecode.cpp.cpp; name = udpsocket.cpp; path = ../src/dfsparks/networks/udpsocket.cpp; sourceTree = "<group>"; };
		632B31D61EAC727700527669 /* udpsocket.h */ = {isa = PBXFileReference; fileEncoding = 4; lastKnownFileType = sourcecode.c.h; name = udpsocket.h; path = ../src/dfsparks/networks/udpsocket.h; sourceTree = "<group>"; };
		632B31F21EAD75F300527669 /* libDFSparks.dylib */ = {isa = PBXFileReference; explicitFileType = "compiled.mach-o.dylib"; includeInIndex = 0; path = libDFSparks.dylib; sourceTree = BUILT_PRODUCTS_DIR; };
		632B321B1EAD76AD00527669 /* Vest */ = {isa = PBXFileReference; explicitFileType = "compiled.mach-o.executable"; includeInIndex = 0; path = Vest; sourceTree = BUILT_PRODUCTS_DIR; };
		632B321D1EAD76AD00527669 /* main.cpp */ = {isa = PBXFileReference; lastKnownFileType = sourcecode.cpp.cpp; path = main.cpp; sourceTree = "<group>"; };
		632B32221EAD7EA300527669 /* Vest.ino */ = {isa = PBXFileReference; explicitFileType = sourcecode.cpp.cpp; fileEncoding = 4; name = Vest.ino; path = ../../examples/Vest/Vest.ino; sourceTree = "<group>"; };
		632B32231EADA49C00527669 /* DFSparks.xcconfig */ = {isa = PBXFileReference; lastKnownFileType = text.xcconfig; path = DFSparks.xcconfig; sourceTree = "<group>"; };
		632B32251EAF299300527669 /* clockless_esp8266.h */ = {isa = PBXFileReference; fileEncoding = 4; lastKnownFileType = sourcecode.c.h; name = clockless_esp8266.h; path = fake_includes/clockless_esp8266.h; sourceTree = "<group>"; };
		632B32261EAF299300527669 /* delay_basic.h */ = {isa = PBXFileReference; fileEncoding = 4; lastKnownFileType = sourcecode.c.h; name = delay_basic.h; path = fake_includes/delay_basic.h; sourceTree = "<group>"; };
		63C45DA71F09E0E000299753 /* playground.cpp */ = {isa = PBXFileReference; fileEncoding = 4; lastKnownFileType = sourcecode.cpp.cpp; path = playground.cpp; sourceTree = "<group>"; };
		63C45DA81F09E0E000299753 /* playground.hpp */ = {isa = PBXFileReference; fileEncoding = 4; lastKnownFileType = sourcecode.cpp.h; path = playground.hpp; sourceTree = "<group>"; };
/* End PBXFileReference section */

/* Begin PBXFrameworksBuildPhase section */
		632B31EF1EAD75F300527669 /* Frameworks */ = {
			isa = PBXFrameworksBuildPhase;
			buildActionMask = 2147483647;
			files = (
			);
			runOnlyForDeploymentPostprocessing = 0;
		};
		632B32181EAD76AD00527669 /* Frameworks */ = {
			isa = PBXFrameworksBuildPhase;
			buildActionMask = 2147483647;
			files = (
			);
			runOnlyForDeploymentPostprocessing = 0;
		};
/* End PBXFrameworksBuildPhase section */

/* Begin PBXGroup section */
		632B31951EAC711E00527669 = {
			isa = PBXGroup;
			children = (
				63C45DA71F09E0E000299753 /* playground.cpp */,
				63C45DA81F09E0E000299753 /* playground.hpp */,
				632B32241EAF291A00527669 /* fake_includes */,
				632B32231EADA49C00527669 /* DFSparks.xcconfig */,
				632B31A81EAC71F700527669 /* DFSparks */,
				632B321C1EAD76AD00527669 /* Vest */,
				632B319F1EAC711E00527669 /* Products */,
			);
			indentWidth = 2;
			sourceTree = "<group>";
			tabWidth = 2;
			usesTabs = 0;
			wrapsLines = 1;
		};
		632B319F1EAC711E00527669 /* Products */ = {
			isa = PBXGroup;
			children = (
				632B31F21EAD75F300527669 /* libDFSparks.dylib */,
				632B321B1EAD76AD00527669 /* Vest */,
			);
			name = Products;
			sourceTree = "<group>";
		};
		632B31A81EAC71F700527669 /* DFSparks */ = {
			isa = PBXGroup;
			children = (
				632B31AA1EAC722E00527669 /* DFSparks */,
				632B31A91EAC722400527669 /* DFSparks.h */,
			);
			name = DFSparks;
			sourceTree = "<group>";
		};
		632B31AA1EAC722E00527669 /* DFSparks */ = {
			isa = PBXGroup;
			children = (
				632B31D21EAC726300527669 /* networks */,
				632B31C71EAC724D00527669 /* effects */,
				632B31AB1EAC724700527669 /* color.cpp */,
				632B31AC1EAC724700527669 /* color.h */,
				632B31AD1EAC724700527669 /* effect.cpp */,
				632B31AE1EAC724700527669 /* effect.h */,
				632B31AF1EAC724700527669 /* log.cpp */,
				632B31B01EAC724700527669 /* log.h */,
				632B31B11EAC724700527669 /* math.cpp */,
				632B31B21EAC724700527669 /* math.h */,
				632B31B31EAC724700527669 /* network.cpp */,
				632B31B41EAC724700527669 /* network.h */,
				632B31B51EAC724700527669 /* palette.cpp */,
				632B31B61EAC724700527669 /* palette.h */,
				632B31B71EAC724700527669 /* pixels.h */,
				632B31B81EAC724700527669 /* player.cpp */,
				632B31B91EAC724700527669 /* player.h */,
				632B31BA1EAC724700527669 /* playlist.cpp */,
				632B31BB1EAC724700527669 /* playlist.h */,
				632B31BC1EAC724700527669 /* timer.cpp */,
				632B31BD1EAC724700527669 /* timer.h */,
			);
			name = DFSparks;
			sourceTree = "<group>";
		};
		632B31C71EAC724D00527669 /* effects */ = {
			isa = PBXGroup;
			children = (
				632B31C81EAC725D00527669 /* blink.h */,
				632B31C91EAC725D00527669 /* flame.cpp */,
				632B31CA1EAC725D00527669 /* flame.h */,
				632B31CB1EAC725D00527669 /* glitter.h */,
				632B31CC1EAC725D00527669 /* plasma.h */,
				632B31CD1EAC725D00527669 /* rainbow.h */,
				632B31CE1EAC725D00527669 /* rider.h */,
				632B31CF1EAC725D00527669 /* slantbars.h */,
				632B31D01EAC725D00527669 /* threesine.h */,
			);
			name = effects;
			sourceTree = "<group>";
		};
		632B31D21EAC726300527669 /* networks */ = {
			isa = PBXGroup;
			children = (
				632B31D31EAC727700527669 /* esp8266wifi.cpp */,
				632B31D41EAC727700527669 /* esp8266wifi.h */,
				632B31D51EAC727700527669 /* udpsocket.cpp */,
				632B31D61EAC727700527669 /* udpsocket.h */,
			);
			name = networks;
			sourceTree = "<group>";
		};
		632B321C1EAD76AD00527669 /* Vest */ = {
			isa = PBXGroup;
			children = (
				632B32221EAD7EA300527669 /* Vest.ino */,
				632B321D1EAD76AD00527669 /* main.cpp */,
			);
			path = Vest;
			sourceTree = "<group>";
		};
		632B32241EAF291A00527669 /* fake_includes */ = {
			isa = PBXGroup;
			children = (
				632B32251EAF299300527669 /* clockless_esp8266.h */,
				632B32261EAF299300527669 /* delay_basic.h */,
			);
			name = fake_includes;
			sourceTree = "<group>";
		};
/* End PBXGroup section */

/* Begin PBXHeadersBuildPhase section */
		632B31F01EAD75F300527669 /* Headers */ = {
			isa = PBXHeadersBuildPhase;
			buildActionMask = 2147483647;
			files = (
			);
			runOnlyForDeploymentPostprocessing = 0;
		};
/* End PBXHeadersBuildPhase section */

/* Begin PBXNativeTarget section */
		632B31F11EAD75F300527669 /* DFSparks */ = {
			isa = PBXNativeTarget;
			buildConfigurationList = 632B31F31EAD75F300527669 /* Build configuration list for PBXNativeTarget "DFSparks" */;
			buildPhases = (
				632B31EE1EAD75F300527669 /* Sources */,
				632B31EF1EAD75F300527669 /* Frameworks */,
				632B31F01EAD75F300527669 /* Headers */,
			);
			buildRules = (
			);
			dependencies = (
			);
			name = DFSparks;
			productName = DFSparks;
			productReference = 632B31F21EAD75F300527669 /* libDFSparks.dylib */;
			productType = "com.apple.product-type.library.dynamic";
		};
		632B321A1EAD76AD00527669 /* Vest */ = {
			isa = PBXNativeTarget;
			buildConfigurationList = 632B321F1EAD76AD00527669 /* Build configuration list for PBXNativeTarget "Vest" */;
			buildPhases = (
				632B32171EAD76AD00527669 /* Sources */,
				632B32181EAD76AD00527669 /* Frameworks */,
				632B32191EAD76AD00527669 /* CopyFiles */,
			);
			buildRules = (
			);
			dependencies = (
			);
			name = Vest;
			productName = Vest;
			productReference = 632B321B1EAD76AD00527669 /* Vest */;
			productType = "com.apple.product-type.tool";
		};
/* End PBXNativeTarget section */

/* Begin PBXProject section */
		632B31961EAC711E00527669 /* Project object */ = {
			isa = PBXProject;
			attributes = {
				LastUpgradeCheck = 0830;
				ORGANIZATIONNAME = DiscoFish;
				TargetAttributes = {
					632B31F11EAD75F300527669 = {
						CreatedOnToolsVersion = 8.3.2;
						ProvisioningStyle = Automatic;
					};
					632B321A1EAD76AD00527669 = {
						CreatedOnToolsVersion = 8.3.2;
						ProvisioningStyle = Automatic;
					};
				};
			};
			buildConfigurationList = 632B31991EAC711E00527669 /* Build configuration list for PBXProject "DFSparks" */;
			compatibilityVersion = "Xcode 3.2";
			developmentRegion = English;
			hasScannedForEncodings = 0;
			knownRegions = (
				en,
			);
			mainGroup = 632B31951EAC711E00527669;
			productRefGroup = 632B319F1EAC711E00527669 /* Products */;
			projectDirPath = "";
			projectRoot = "";
			targets = (
				632B31F11EAD75F300527669 /* DFSparks */,
				632B321A1EAD76AD00527669 /* Vest */,
			);
		};
/* End PBXProject section */

/* Begin PBXSourcesBuildPhase section */
		632B31EE1EAD75F300527669 /* Sources */ = {
			isa = PBXSourcesBuildPhase;
			buildActionMask = 2147483647;
			files = (
				632B31F61EAD760100527669 /* esp8266wifi.cpp in Sources */,
				632B31F81EAD760100527669 /* udpsocket.cpp in Sources */,
				632B31FB1EAD760100527669 /* flame.cpp in Sources */,
				632B32031EAD760100527669 /* color.cpp in Sources */,
				632B32051EAD760100527669 /* effect.cpp in Sources */,
				632B32071EAD760100527669 /* log.cpp in Sources */,
				632B32091EAD760100527669 /* math.cpp in Sources */,
				632B320B1EAD760100527669 /* network.cpp in Sources */,
				632B320D1EAD760100527669 /* palette.cpp in Sources */,
				632B32101EAD760100527669 /* player.cpp in Sources */,
				632B32121EAD760100527669 /* playlist.cpp in Sources */,
				632B32141EAD760100527669 /* timer.cpp in Sources */,
			);
			runOnlyForDeploymentPostprocessing = 0;
		};
		632B32171EAD76AD00527669 /* Sources */ = {
			isa = PBXSourcesBuildPhase;
			buildActionMask = 2147483647;
			files = (
				63C45DA91F09E0E000299753 /* playground.cpp in Sources */,
				632B321E1EAD76AD00527669 /* main.cpp in Sources */,
			);
			runOnlyForDeploymentPostprocessing = 0;
		};
/* End PBXSourcesBuildPhase section */

/* Begin XCBuildConfiguration section */
		632B31A31EAC711E00527669 /* Debug */ = {
			isa = XCBuildConfiguration;
			baseConfigurationReference = 632B32231EADA49C00527669 /* DFSparks.xcconfig */;
			buildSettings = {
				ALWAYS_SEARCH_USER_PATHS = NO;
				CLANG_ANALYZER_NONNULL = YES;
				CLANG_ANALYZER_NUMBER_OBJECT_CONVERSION = YES_AGGRESSIVE;
				CLANG_CXX_LANGUAGE_STANDARD = "gnu++14";
				CLANG_CXX_LIBRARY = "libc++";
				CLANG_ENABLE_MODULES = YES;
				CLANG_ENABLE_OBJC_ARC = YES;
				CLANG_WARN_BOOL_CONVERSION = YES;
				CLANG_WARN_CONSTANT_CONVERSION = YES;
				CLANG_WARN_DIRECT_OBJC_ISA_USAGE = YES_ERROR;
				CLANG_WARN_DOCUMENTATION_COMMENTS = YES;
				CLANG_WARN_EMPTY_BODY = YES;
				CLANG_WARN_ENUM_CONVERSION = YES;
				CLANG_WARN_INFINITE_RECURSION = YES;
				CLANG_WARN_INT_CONVERSION = YES;
				CLANG_WARN_OBJC_ROOT_CLASS = YES_ERROR;
				CLANG_WARN_SUSPICIOUS_MOVE = YES;
				CLANG_WARN_UNREACHABLE_CODE = YES;
				CLANG_WARN__DUPLICATE_METHOD_MATCH = YES;
				CODE_SIGN_IDENTITY = "-";
				COPY_PHASE_STRIP = NO;
				DEBUG_INFORMATION_FORMAT = dwarf;
				ENABLE_STRICT_OBJC_MSGSEND = YES;
				ENABLE_TESTABILITY = YES;
				GCC_C_LANGUAGE_STANDARD = gnu11;
				GCC_DYNAMIC_NO_PIC = NO;
				GCC_NO_COMMON_BLOCKS = YES;
				GCC_OPTIMIZATION_LEVEL = 0;
				GCC_PREPROCESSOR_DEFINITIONS = (
					"DEBUG=1",
					"$(inherited)",
				);
				GCC_USE_STANDARD_INCLUDE_SEARCHING = NO;
				GCC_WARN_64_TO_32_BIT_CONVERSION = YES;
				GCC_WARN_ABOUT_RETURN_TYPE = YES_ERROR;
				GCC_WARN_UNDECLARED_SELECTOR = YES;
				GCC_WARN_UNINITIALIZED_AUTOS = YES_AGGRESSIVE;
				GCC_WARN_UNUSED_FUNCTION = YES;
				GCC_WARN_UNUSED_VARIABLE = YES;
				MACOSX_DEPLOYMENT_TARGET = 10.12;
				MTL_ENABLE_DEBUG_INFO = YES;
				ONLY_ACTIVE_ARCH = YES;
				SDKROOT = macosx;
				USER_HEADER_SEARCH_PATHS = "$(SRCROOT)/../src";
			};
			name = Debug;
		};
		632B31A41EAC711E00527669 /* Release */ = {
			isa = XCBuildConfiguration;
			baseConfigurationReference = 632B32231EADA49C00527669 /* DFSparks.xcconfig */;
			buildSettings = {
				ALWAYS_SEARCH_USER_PATHS = NO;
				CLANG_ANALYZER_NONNULL = YES;
				CLANG_ANALYZER_NUMBER_OBJECT_CONVERSION = YES_AGGRESSIVE;
				CLANG_CXX_LANGUAGE_STANDARD = "gnu++14";
				CLANG_CXX_LIBRARY = "libc++";
				CLANG_ENABLE_MODULES = YES;
				CLANG_ENABLE_OBJC_ARC = YES;
				CLANG_WARN_BOOL_CONVERSION = YES;
				CLANG_WARN_CONSTANT_CONVERSION = YES;
				CLANG_WARN_DIRECT_OBJC_ISA_USAGE = YES_ERROR;
				CLANG_WARN_DOCUMENTATION_COMMENTS = YES;
				CLANG_WARN_EMPTY_BODY = YES;
				CLANG_WARN_ENUM_CONVERSION = YES;
				CLANG_WARN_INFINITE_RECURSION = YES;
				CLANG_WARN_INT_CONVERSION = YES;
				CLANG_WARN_OBJC_ROOT_CLASS = YES_ERROR;
				CLANG_WARN_SUSPICIOUS_MOVE = YES;
				CLANG_WARN_UNREACHABLE_CODE = YES;
				CLANG_WARN__DUPLICATE_METHOD_MATCH = YES;
				CODE_SIGN_IDENTITY = "-";
				COPY_PHASE_STRIP = NO;
				DEBUG_INFORMATION_FORMAT = "dwarf-with-dsym";
				ENABLE_NS_ASSERTIONS = NO;
				ENABLE_STRICT_OBJC_MSGSEND = YES;
				GCC_C_LANGUAGE_STANDARD = gnu11;
				GCC_NO_COMMON_BLOCKS = YES;
				GCC_USE_STANDARD_INCLUDE_SEARCHING = NO;
				GCC_WARN_64_TO_32_BIT_CONVERSION = YES;
				GCC_WARN_ABOUT_RETURN_TYPE = YES_ERROR;
				GCC_WARN_UNDECLARED_SELECTOR = YES;
				GCC_WARN_UNINITIALIZED_AUTOS = YES_AGGRESSIVE;
				GCC_WARN_UNUSED_FUNCTION = YES;
				GCC_WARN_UNUSED_VARIABLE = YES;
				MACOSX_DEPLOYMENT_TARGET = 10.12;
				MTL_ENABLE_DEBUG_INFO = NO;
				SDKROOT = macosx;
				USER_HEADER_SEARCH_PATHS = "$(SRCROOT)/../src";
			};
			name = Release;
		};
		632B31F41EAD75F300527669 /* Debug */ = {
			isa = XCBuildConfiguration;
			baseConfigurationReference = 632B32231EADA49C00527669 /* DFSparks.xcconfig */;
			buildSettings = {
				DYLIB_COMPATIBILITY_VERSION = 1;
				DYLIB_CURRENT_VERSION = 1;
				EXECUTABLE_PREFIX = lib;
				PRODUCT_NAME = "$(TARGET_NAME)";
			};
			name = Debug;
		};
		632B31F51EAD75F300527669 /* Release */ = {
			isa = XCBuildConfiguration;
			baseConfigurationReference = 632B32231EADA49C00527669 /* DFSparks.xcconfig */;
			buildSettings = {
				DYLIB_COMPATIBILITY_VERSION = 1;
				DYLIB_CURRENT_VERSION = 1;
				EXECUTABLE_PREFIX = lib;
				PRODUCT_NAME = "$(TARGET_NAME)";
			};
			name = Release;
		};
		632B32201EAD76AD00527669 /* Debug */ = {
			isa = XCBuildConfiguration;
			baseConfigurationReference = 632B32231EADA49C00527669 /* DFSparks.xcconfig */;
			buildSettings = {
				PRODUCT_NAME = "$(TARGET_NAME)";
			};
			name = Debug;
		};
		632B32211EAD76AD00527669 /* Release */ = {
			isa = XCBuildConfiguration;
			baseConfigurationReference = 632B32231EADA49C00527669 /* DFSparks.xcconfig */;
			buildSettings = {
				PRODUCT_NAME = "$(TARGET_NAME)";
			};
			name = Release;
		};
/* End XCBuildConfiguration section */

/* Begin XCConfigurationList section */
		632B31991EAC711E00527669 /* Build configuration list for PBXProject "DFSparks" */ = {
			isa = XCConfigurationList;
			buildConfigurations = (
				632B31A31EAC711E00527669 /* Debug */,
				632B31A41EAC711E00527669 /* Release */,
			);
			defaultConfigurationIsVisible = 0;
			defaultConfigurationName = Release;
		};
		632B31F31EAD75F300527669 /* Build configuration list for PBXNativeTarget "DFSparks" */ = {
			isa = XCConfigurationList;
			buildConfigurations = (
				632B31F41EAD75F300527669 /* Debug */,
				632B31F51EAD75F300527669 /* Release */,
			);
			defaultConfigurationIsVisible = 0;
			defaultConfigurationName = Release;
		};
		632B321F1EAD76AD00527669 /* Build configuration list for PBXNativeTarget "Vest" */ = {
			isa = XCConfigurationList;
			buildConfigurations = (
				632B32201EAD76AD00527669 /* Debug */,
				632B32211EAD76AD00527669 /* Release */,
			);
			defaultConfigurationIsVisible = 0;
			defaultConfigurationName = Release;
		};
/* End XCConfigurationList section */
	};
	rootObject = 632B31961EAC711E00527669 /* Project object */;
}
